
Microsoft Visual Studio Solution File, Format Version 12.00
# Visual Studio Version 17
VisualStudioVersion = 17.0.31903.59
MinimumVisualStudioVersion = 10.0.40219.1
Project("{2150E333-8FDC-42A3-9474-1A3956D46DE8}") = "src", "src", "{1A02A87E-B115-4AAB-A4ED-28174EB58430}"
EndProject
Project("{2150E333-8FDC-42A3-9474-1A3956D46DE8}") = "Core", "Core", "{C2EA675C-A921-4405-92EA-1DCBE516A53E}"
EndProject
Project("{FAE04EC0-301F-11D3-BF4B-00C04F79EFBC}") = "Karami.Common", "src\Core\Karami.Common\Karami.Common.csproj", "{D051B671-2DD3-4DA3-8DC2-8313E12B4693}"
EndProject
Project("{FAE04EC0-301F-11D3-BF4B-00C04F79EFBC}") = "Karami.Domain", "src\Core\Karami.Domain\Karami.Domain.csproj", "{1821E24B-C99A-4D5F-A1DE-BD2C0694D901}"
EndProject
Project("{FAE04EC0-301F-11D3-BF4B-00C04F79EFBC}") = "Karami.UseCase", "src\Core\Karami.UseCase\Karami.UseCase.csproj", "{0B7888DE-E9D0-4049-ADD6-3BEF36D66260}"
EndProject
Project("{2150E333-8FDC-42A3-9474-1A3956D46DE8}") = "Infrastructure", "Infrastructure", "{1517FE23-2C66-4A6A-BEAA-44036E0273A5}"
EndProject
Project("{FAE04EC0-301F-11D3-BF4B-00C04F79EFBC}") = "Karami.Infrastructure", "src\Infrastructure\Karami.Infrastructure\Karami.Infrastructure.csproj", "{59FB730F-0806-4E30-AD2B-206A79EBD671}"
EndProject
Project("{FAE04EC0-301F-11D3-BF4B-00C04F79EFBC}") = "Karami.Persistence", "src\Infrastructure\Karami.Persistence\Karami.Persistence.csproj", "{2D2C86BC-7E4C-4570-BA48-A1595771CCED}"
EndProject
Project("{2150E333-8FDC-42A3-9474-1A3956D46DE8}") = "Presentation", "Presentation", "{50F496D6-77DD-482D-898C-21CDD9A50027}"
EndProject
Project("{FAE04EC0-301F-11D3-BF4B-00C04F79EFBC}") = "Karami.WebAPI", "src\Presentation\Karami.WebAPI\Karami.WebAPI.csproj", "{24351C24-88DB-4FA6-9246-5CD18D61E89C}"
EndProject
Project("{2150E333-8FDC-42A3-9474-1A3956D46DE8}") = "test", "test", "{9A3D0D0F-C172-4C41-A801-C90C53E79FC0}"
EndProject
Project("{2150E333-8FDC-42A3-9474-1A3956D46DE8}") = "E2ETests", "E2ETests", "{B70B55DE-6DDC-46FF-BC5E-1906830A4256}"
EndProject
Project("{FAE04EC0-301F-11D3-BF4B-00C04F79EFBC}") = "Presentation", "test\E2ETests\Presentation\Presentation.csproj", "{4E4F43C6-AC33-401C-8239-227C89C27AF6}"
EndProject
Project("{2150E333-8FDC-42A3-9474-1A3956D46DE8}") = "IntegrationTests", "IntegrationTests", "{8BC7A537-0D02-491B-A595-974BDEEF4032}"
EndProject
Project("{FAE04EC0-301F-11D3-BF4B-00C04F79EFBC}") = "Infrastructure", "test\IntegrationTests\Infrastructure\Infrastructure.csproj", "{EF1D0AA7-63A2-4795-96A9-A4D617770A98}"
EndProject
Project("{FAE04EC0-301F-11D3-BF4B-00C04F79EFBC}") = "Presentation", "test\IntegrationTests\Presentation\Presentation.csproj", "{C025C264-7608-4CDC-BF8B-076A06F34D7F}"
EndProject
Project("{2150E333-8FDC-42A3-9474-1A3956D46DE8}") = "UnitTests", "UnitTests", "{BA2E41F0-81B0-45FE-A199-D6D48EF2D8B4}"
EndProject
Project("{FAE04EC0-301F-11D3-BF4B-00C04F79EFBC}") = "Core", "test\UnitTests\Core\Core.csproj", "{C27454E6-EECB-4E77-BDF8-7F909F3C144C}"
EndProject
Project("{FAE04EC0-301F-11D3-BF4B-00C04F79EFBC}") = "Infrastructure", "test\UnitTests\Infrastructure\Infrastructure.csproj", "{9E35697A-F503-47C7-94A3-A1E83F2B853C}"
EndProject
Project("{FAE04EC0-301F-11D3-BF4B-00C04F79EFBC}") = "Presentation", "test\UnitTests\Presentation\Presentation.csproj", "{36980D2D-5D73-496A-8E76-0BE39DE17DBA}"
EndProject
Global
	GlobalSection(SolutionConfigurationPlatforms) = preSolution
		Debug|Any CPU = Debug|Any CPU
		Release|Any CPU = Release|Any CPU
	EndGlobalSection
	GlobalSection(SolutionProperties) = preSolution
		HideSolutionNode = FALSE
	EndGlobalSection
	GlobalSection(ProjectConfigurationPlatforms) = postSolution
		{D051B671-2DD3-4DA3-8DC2-8313E12B4693}.Debug|Any CPU.ActiveCfg = Debug|Any CPU
		{D051B671-2DD3-4DA3-8DC2-8313E12B4693}.Debug|Any CPU.Build.0 = Debug|Any CPU
		{D051B671-2DD3-4DA3-8DC2-8313E12B4693}.Release|Any CPU.ActiveCfg = Release|Any CPU
		{D051B671-2DD3-4DA3-8DC2-8313E12B4693}.Release|Any CPU.Build.0 = Release|Any CPU
		{1821E24B-C99A-4D5F-A1DE-BD2C0694D901}.Debug|Any CPU.ActiveCfg = Debug|Any CPU
		{1821E24B-C99A-4D5F-A1DE-BD2C0694D901}.Debug|Any CPU.Build.0 = Debug|Any CPU
		{1821E24B-C99A-4D5F-A1DE-BD2C0694D901}.Release|Any CPU.ActiveCfg = Release|Any CPU
		{1821E24B-C99A-4D5F-A1DE-BD2C0694D901}.Release|Any CPU.Build.0 = Release|Any CPU
		{0B7888DE-E9D0-4049-ADD6-3BEF36D66260}.Debug|Any CPU.ActiveCfg = Debug|Any CPU
		{0B7888DE-E9D0-4049-ADD6-3BEF36D66260}.Debug|Any CPU.Build.0 = Debug|Any CPU
		{0B7888DE-E9D0-4049-ADD6-3BEF36D66260}.Release|Any CPU.ActiveCfg = Release|Any CPU
		{0B7888DE-E9D0-4049-ADD6-3BEF36D66260}.Release|Any CPU.Build.0 = Release|Any CPU
		{59FB730F-0806-4E30-AD2B-206A79EBD671}.Debug|Any CPU.ActiveCfg = Debug|Any CPU
		{59FB730F-0806-4E30-AD2B-206A79EBD671}.Debug|Any CPU.Build.0 = Debug|Any CPU
		{59FB730F-0806-4E30-AD2B-206A79EBD671}.Release|Any CPU.ActiveCfg = Release|Any CPU
		{59FB730F-0806-4E30-AD2B-206A79EBD671}.Release|Any CPU.Build.0 = Release|Any CPU
		{2D2C86BC-7E4C-4570-BA48-A1595771CCED}.Debug|Any CPU.ActiveCfg = Debug|Any CPU
		{2D2C86BC-7E4C-4570-BA48-A1595771CCED}.Debug|Any CPU.Build.0 = Debug|Any CPU
		{2D2C86BC-7E4C-4570-BA48-A1595771CCED}.Release|Any CPU.ActiveCfg = Release|Any CPU
		{2D2C86BC-7E4C-4570-BA48-A1595771CCED}.Release|Any CPU.Build.0 = Release|Any CPU
		{24351C24-88DB-4FA6-9246-5CD18D61E89C}.Debug|Any CPU.ActiveCfg = Debug|Any CPU
		{24351C24-88DB-4FA6-9246-5CD18D61E89C}.Debug|Any CPU.Build.0 = Debug|Any CPU
		{24351C24-88DB-4FA6-9246-5CD18D61E89C}.Release|Any CPU.ActiveCfg = Release|Any CPU
		{24351C24-88DB-4FA6-9246-5CD18D61E89C}.Release|Any CPU.Build.0 = Release|Any CPU
		{4E4F43C6-AC33-401C-8239-227C89C27AF6}.Debug|Any CPU.ActiveCfg = Debug|Any CPU
		{4E4F43C6-AC33-401C-8239-227C89C27AF6}.Debug|Any CPU.Build.0 = Debug|Any CPU
		{4E4F43C6-AC33-401C-8239-227C89C27AF6}.Release|Any CPU.ActiveCfg = Release|Any CPU
		{4E4F43C6-AC33-401C-8239-227C89C27AF6}.Release|Any CPU.Build.0 = Release|Any CPU
		{EF1D0AA7-63A2-4795-96A9-A4D617770A98}.Debug|Any CPU.ActiveCfg = Debug|Any CPU
		{EF1D0AA7-63A2-4795-96A9-A4D617770A98}.Debug|Any CPU.Build.0 = Debug|Any CPU
		{EF1D0AA7-63A2-4795-96A9-A4D617770A98}.Release|Any CPU.ActiveCfg = Release|Any CPU
		{EF1D0AA7-63A2-4795-96A9-A4D617770A98}.Release|Any CPU.Build.0 = Release|Any CPU
		{C025C264-7608-4CDC-BF8B-076A06F34D7F}.Debug|Any CPU.ActiveCfg = Debug|Any CPU
		{C025C264-7608-4CDC-BF8B-076A06F34D7F}.Debug|Any CPU.Build.0 = Debug|Any CPU
		{C025C264-7608-4CDC-BF8B-076A06F34D7F}.Release|Any CPU.ActiveCfg = Release|Any CPU
		{C025C264-7608-4CDC-BF8B-076A06F34D7F}.Release|Any CPU.Build.0 = Release|Any CPU
		{C27454E6-EECB-4E77-BDF8-7F909F3C144C}.Debug|Any CPU.ActiveCfg = Debug|Any CPU
		{C27454E6-EECB-4E77-BDF8-7F909F3C144C}.Debug|Any CPU.Build.0 = Debug|Any CPU
		{C27454E6-EECB-4E77-BDF8-7F909F3C144C}.Release|Any CPU.ActiveCfg = Release|Any CPU
		{C27454E6-EECB-4E77-BDF8-7F909F3C144C}.Release|Any CPU.Build.0 = Release|Any CPU
		{9E35697A-F503-47C7-94A3-A1E83F2B853C}.Debug|Any CPU.ActiveCfg = Debug|Any CPU
		{9E35697A-F503-47C7-94A3-A1E83F2B853C}.Debug|Any CPU.Build.0 = Debug|Any CPU
		{9E35697A-F503-47C7-94A3-A1E83F2B853C}.Release|Any CPU.ActiveCfg = Release|Any CPU
		{9E35697A-F503-47C7-94A3-A1E83F2B853C}.Release|Any CPU.Build.0 = Release|Any CPU
		{36980D2D-5D73-496A-8E76-0BE39DE17DBA}.Debug|Any CPU.ActiveCfg = Debug|Any CPU
		{36980D2D-5D73-496A-8E76-0BE39DE17DBA}.Debug|Any CPU.Build.0 = Debug|Any CPU
		{36980D2D-5D73-496A-8E76-0BE39DE17DBA}.Release|Any CPU.ActiveCfg = Release|Any CPU
		{36980D2D-5D73-496A-8E76-0BE39DE17DBA}.Release|Any CPU.Build.0 = Release|Any CPU
	EndGlobalSection
	GlobalSection(NestedProjects) = preSolution
		{C2EA675C-A921-4405-92EA-1DCBE516A53E} = {1A02A87E-B115-4AAB-A4ED-28174EB58430}
		{D051B671-2DD3-4DA3-8DC2-8313E12B4693} = {C2EA675C-A921-4405-92EA-1DCBE516A53E}
		{1821E24B-C99A-4D5F-A1DE-BD2C0694D901} = {C2EA675C-A921-4405-92EA-1DCBE516A53E}
		{0B7888DE-E9D0-4049-ADD6-3BEF36D66260} = {C2EA675C-A921-4405-92EA-1DCBE516A53E}
		{1517FE23-2C66-4A6A-BEAA-44036E0273A5} = {1A02A87E-B115-4AAB-A4ED-28174EB58430}
		{59FB730F-0806-4E30-AD2B-206A79EBD671} = {1517FE23-2C66-4A6A-BEAA-44036E0273A5}
		{2D2C86BC-7E4C-4570-BA48-A1595771CCED} = {1517FE23-2C66-4A6A-BEAA-44036E0273A5}
		{50F496D6-77DD-482D-898C-21CDD9A50027} = {1A02A87E-B115-4AAB-A4ED-28174EB58430}
		{24351C24-88DB-4FA6-9246-5CD18D61E89C} = {50F496D6-77DD-482D-898C-21CDD9A50027}
		{B70B55DE-6DDC-46FF-BC5E-1906830A4256} = {9A3D0D0F-C172-4C41-A801-C90C53E79FC0}
		{4E4F43C6-AC33-401C-8239-227C89C27AF6} = {B70B55DE-6DDC-46FF-BC5E-1906830A4256}
		{8BC7A537-0D02-491B-A595-974BDEEF4032} = {9A3D0D0F-C172-4C41-A801-C90C53E79FC0}
		{EF1D0AA7-63A2-4795-96A9-A4D617770A98} = {8BC7A537-0D02-491B-A595-974BDEEF4032}
		{C025C264-7608-4CDC-BF8B-076A06F34D7F} = {8BC7A537-0D02-491B-A595-974BDEEF4032}
		{BA2E41F0-81B0-45FE-A199-D6D48EF2D8B4} = {9A3D0D0F-C172-4C41-A801-C90C53E79FC0}
		{C27454E6-EECB-4E77-BDF8-7F909F3C144C} = {BA2E41F0-81B0-45FE-A199-D6D48EF2D8B4}
		{9E35697A-F503-47C7-94A3-A1E83F2B853C} = {BA2E41F0-81B0-45FE-A199-D6D48EF2D8B4}
		{36980D2D-5D73-496A-8E76-0BE39DE17DBA} = {BA2E41F0-81B0-45FE-A199-D6D48EF2D8B4}
	EndGlobalSection
EndGlobal
